
Microsoft Visual Studio Solution File, Format Version 12.00
# Visual Studio 15
VisualStudioVersion = 15.0.27130.2026
MinimumVisualStudioVersion = 10.0.40219.1
Project("{FAE04EC0-301F-11D3-BF4B-00C04F79EFBC}") = "ConnectFour", "ConnectFour\ConnectFour.csproj", "{16E08128-9880-448B-99D2-9CD34C2837E6}"
EndProject
Project("{FAE04EC0-301F-11D3-BF4B-00C04F79EFBC}") = "ConnectFour.Logic", "ConnectFour.Logic\ConnectFour.Logic.csproj", "{901EBD01-EF1D-42E7-81A7-A17075599B88}"
EndProject
Global
	GlobalSection(SolutionConfigurationPlatforms) = preSolution
		Debug|Any CPU = Debug|Any CPU
		Release|Any CPU = Release|Any CPU
	EndGlobalSection
	GlobalSection(ProjectConfigurationPlatforms) = postSolution
		{16E08128-9880-448B-99D2-9CD34C2837E6}.Debug|Any CPU.ActiveCfg = Debug|Any CPU
		{16E08128-9880-448B-99D2-9CD34C2837E6}.Debug|Any CPU.Build.0 = Debug|Any CPU
		{16E08128-9880-448B-99D2-9CD34C2837E6}.Release|Any CPU.ActiveCfg = Release|Any CPU
		{16E08128-9880-448B-99D2-9CD34C2837E6}.Release|Any CPU.Build.0 = Release|Any CPU
		{901EBD01-EF1D-42E7-81A7-A17075599B88}.Debug|Any CPU.ActiveCfg = Debug|Any CPU
		{901EBD01-EF1D-42E7-81A7-A17075599B88}.Debug|Any CPU.Build.0 = Debug|Any CPU
		{901EBD01-EF1D-42E7-81A7-A17075599B88}.Release|Any CPU.ActiveCfg = Release|Any CPU
		{901EBD01-EF1D-42E7-81A7-A17075599B88}.Release|Any CPU.Build.0 = Release|Any CPU
	EndGlobalSection
	GlobalSection(SolutionProperties) = preSolution
		HideSolutionNode = FALSE
	EndGlobalSection
	GlobalSection(ExtensibilityGlobals) = postSolution
		SolutionGuid = {60FC74CE-F8C3-46E1-ACDB-ED595762D702}
	EndGlobalSection
EndGlobal
